// !$*UTF8*$!
{
	archiveVersion = 1;
	classes = {
	};
	objectVersion = 51;
	objects = {

/* Begin PBXBuildFile section */
		18B5A029F7F43EC210FA4B59 /* Pods_API_PSR_Examples.framework in Frameworks */ = {isa = PBXBuildFile; fileRef = 0C850E323ED7778C200C3B5E /* Pods_API_PSR_Examples.framework */; };
		1FB5528E0608F4B86A3887EF /* Pods_API_PSR_API_PSRTests.framework in Frameworks */ = {isa = PBXBuildFile; fileRef = 694C400FD3A42CEC0E97E076 /* Pods_API_PSR_API_PSRTests.framework */; };
		5500C99C37FF7E6D6C8BCF36 /* Pods_API_PSR_API_PSR_ExamplesUITests.framework in Frameworks */ = {isa = PBXBuildFile; fileRef = 373F2E50C08079E0F1528C42 /* Pods_API_PSR_API_PSR_ExamplesUITests.framework */; };
		8C2F6A3305A81FAB92D1ADCF /* Pods_API_PSR_API_PSR_ExamplesTests.framework in Frameworks */ = {isa = PBXBuildFile; fileRef = 23AFF32928BDFDEAEBFDA805 /* Pods_API_PSR_API_PSR_ExamplesTests.framework */; };
		A9B210AD6E37860E481082CF /* Pods_API_PSR.framework in Frameworks */ = {isa = PBXBuildFile; fileRef = 7987E10DA388B20E2AD9B97C /* Pods_API_PSR.framework */; };
		CD0AAA4025126D950064A262 /* API_PSR.framework in Frameworks */ = {isa = PBXBuildFile; fileRef = CD0AAA3625126D940064A262 /* API_PSR.framework */; };
		CD0AAA4525126D950064A262 /* API_PSRTests.swift in Sources */ = {isa = PBXBuildFile; fileRef = CD0AAA4425126D950064A262 /* API_PSRTests.swift */; };
		CD0AAA4725126D950064A262 /* API_PSR.h in Headers */ = {isa = PBXBuildFile; fileRef = CD0AAA3925126D940064A262 /* API_PSR.h */; settings = {ATTRIBUTES = (Public, ); }; };
		CD0AAAC2251271280064A262 /* AppDelegate.swift in Sources */ = {isa = PBXBuildFile; fileRef = CD0AAAC1251271280064A262 /* AppDelegate.swift */; };
		CD0AAAC4251271280064A262 /* SceneDelegate.swift in Sources */ = {isa = PBXBuildFile; fileRef = CD0AAAC3251271280064A262 /* SceneDelegate.swift */; };
		CD0AAAC6251271280064A262 /* ViewController.swift in Sources */ = {isa = PBXBuildFile; fileRef = CD0AAAC5251271280064A262 /* ViewController.swift */; };
		CD0AAAC9251271280064A262 /* Main.storyboard in Resources */ = {isa = PBXBuildFile; fileRef = CD0AAAC7251271280064A262 /* Main.storyboard */; };
		CD0AAACB2512712A0064A262 /* Assets.xcassets in Resources */ = {isa = PBXBuildFile; fileRef = CD0AAACA2512712A0064A262 /* Assets.xcassets */; };
		CD0AAACE2512712A0064A262 /* LaunchScreen.storyboard in Resources */ = {isa = PBXBuildFile; fileRef = CD0AAACC2512712A0064A262 /* LaunchScreen.storyboard */; };
		CD122B6B25136A3B00702B44 /* Colors.swift in Sources */ = {isa = PBXBuildFile; fileRef = CD122B6A25136A3B00702B44 /* Colors.swift */; };
		CD122B6D25136A9100702B44 /* Colors.xcassets in Resources */ = {isa = PBXBuildFile; fileRef = CD122B6C25136A9100702B44 /* Colors.xcassets */; };
/* End PBXBuildFile section */

/* Begin PBXContainerItemProxy section */
		CD0AAA4125126D950064A262 /* PBXContainerItemProxy */ = {
			isa = PBXContainerItemProxy;
			containerPortal = CD0AAA2D25126D940064A262 /* Project object */;
			proxyType = 1;
			remoteGlobalIDString = CD0AAA3525126D940064A262;
			remoteInfo = API_PSR;
		};
		CD0AAAD52512712A0064A262 /* PBXContainerItemProxy */ = {
			isa = PBXContainerItemProxy;
			containerPortal = CD0AAA2D25126D940064A262 /* Project object */;
			proxyType = 1;
			remoteGlobalIDString = CD0AAABE251271280064A262;
			remoteInfo = API_PSR_Examples;
		};
		CD0AAAE02512712A0064A262 /* PBXContainerItemProxy */ = {
			isa = PBXContainerItemProxy;
			containerPortal = CD0AAA2D25126D940064A262 /* Project object */;
			proxyType = 1;
			remoteGlobalIDString = CD0AAABE251271280064A262;
			remoteInfo = API_PSR_Examples;
		};
/* End PBXContainerItemProxy section */

/* Begin PBXFileReference section */
		0C850E323ED7778C200C3B5E /* Pods_API_PSR_Examples.framework */ = {isa = PBXFileReference; explicitFileType = wrapper.framework; includeInIndex = 0; path = Pods_API_PSR_Examples.framework; sourceTree = BUILT_PRODUCTS_DIR; };
		207842E9B3FA4DA01D2D3A8B /* Pods-API_PSR-API_PSR_ExamplesTests.release.xcconfig */ = {isa = PBXFileReference; includeInIndex = 1; lastKnownFileType = text.xcconfig; name = "Pods-API_PSR-API_PSR_ExamplesTests.release.xcconfig"; path = "Target Support Files/Pods-API_PSR-API_PSR_ExamplesTests/Pods-API_PSR-API_PSR_ExamplesTests.release.xcconfig"; sourceTree = "<group>"; };
		23AFF32928BDFDEAEBFDA805 /* Pods_API_PSR_API_PSR_ExamplesTests.framework */ = {isa = PBXFileReference; explicitFileType = wrapper.framework; includeInIndex = 0; path = Pods_API_PSR_API_PSR_ExamplesTests.framework; sourceTree = BUILT_PRODUCTS_DIR; };
		27680C1259EBDEB5CF1A9003 /* Pods-API_PSR_Examples.debug.xcconfig */ = {isa = PBXFileReference; includeInIndex = 1; lastKnownFileType = text.xcconfig; name = "Pods-API_PSR_Examples.debug.xcconfig"; path = "Target Support Files/Pods-API_PSR_Examples/Pods-API_PSR_Examples.debug.xcconfig"; sourceTree = "<group>"; };
		373F2E50C08079E0F1528C42 /* Pods_API_PSR_API_PSR_ExamplesUITests.framework */ = {isa = PBXFileReference; explicitFileType = wrapper.framework; includeInIndex = 0; path = Pods_API_PSR_API_PSR_ExamplesUITests.framework; sourceTree = BUILT_PRODUCTS_DIR; };
		3F6A033E25EF34E63C517F23 /* Pods-API_PSR_Examples-API_PSR_ExamplesUITests.debug.xcconfig */ = {isa = PBXFileReference; includeInIndex = 1; lastKnownFileType = text.xcconfig; name = "Pods-API_PSR_Examples-API_PSR_ExamplesUITests.debug.xcconfig"; path = "Target Support Files/Pods-API_PSR_Examples-API_PSR_ExamplesUITests/Pods-API_PSR_Examples-API_PSR_ExamplesUITests.debug.xcconfig"; sourceTree = "<group>"; };
		4F091EDA02DDAC79A13ACCBB /* Pods-API_PSR_Examples.release.xcconfig */ = {isa = PBXFileReference; includeInIndex = 1; lastKnownFileType = text.xcconfig; name = "Pods-API_PSR_Examples.release.xcconfig"; path = "Target Support Files/Pods-API_PSR_Examples/Pods-API_PSR_Examples.release.xcconfig"; sourceTree = "<group>"; };
		694C400FD3A42CEC0E97E076 /* Pods_API_PSR_API_PSRTests.framework */ = {isa = PBXFileReference; explicitFileType = wrapper.framework; includeInIndex = 0; path = Pods_API_PSR_API_PSRTests.framework; sourceTree = BUILT_PRODUCTS_DIR; };
		7987E10DA388B20E2AD9B97C /* Pods_API_PSR.framework */ = {isa = PBXFileReference; explicitFileType = wrapper.framework; includeInIndex = 0; path = Pods_API_PSR.framework; sourceTree = BUILT_PRODUCTS_DIR; };
		7B4C5256369BD9CF0636F8ED /* Pods-API_PSR_Examples-API_PSR_ExamplesUITests.release.xcconfig */ = {isa = PBXFileReference; includeInIndex = 1; lastKnownFileType = text.xcconfig; name = "Pods-API_PSR_Examples-API_PSR_ExamplesUITests.release.xcconfig"; path = "Target Support Files/Pods-API_PSR_Examples-API_PSR_ExamplesUITests/Pods-API_PSR_Examples-API_PSR_ExamplesUITests.release.xcconfig"; sourceTree = "<group>"; };
		87D1AC0883EAFCAE80ADEFCE /* Pods-API_PSR.debug.xcconfig */ = {isa = PBXFileReference; includeInIndex = 1; lastKnownFileType = text.xcconfig; name = "Pods-API_PSR.debug.xcconfig"; path = "Target Support Files/Pods-API_PSR/Pods-API_PSR.debug.xcconfig"; sourceTree = "<group>"; };
		9C9807118D93F8BBAB0F9F3F /* Pods-API_PSR.release.xcconfig */ = {isa = PBXFileReference; includeInIndex = 1; lastKnownFileType = text.xcconfig; name = "Pods-API_PSR.release.xcconfig"; path = "Target Support Files/Pods-API_PSR/Pods-API_PSR.release.xcconfig"; sourceTree = "<group>"; };
		A15C942B8708ABD10DBCEF57 /* Pods-API_PSR-API_PSR_ExamplesTests.debug.xcconfig */ = {isa = PBXFileReference; includeInIndex = 1; lastKnownFileType = text.xcconfig; name = "Pods-API_PSR-API_PSR_ExamplesTests.debug.xcconfig"; path = "Target Support Files/Pods-API_PSR-API_PSR_ExamplesTests/Pods-API_PSR-API_PSR_ExamplesTests.debug.xcconfig"; sourceTree = "<group>"; };
		B45F80187A2538020E5208C9 /* Pods-API_PSR-API_PSRTests.release.xcconfig */ = {isa = PBXFileReference; includeInIndex = 1; lastKnownFileType = text.xcconfig; name = "Pods-API_PSR-API_PSRTests.release.xcconfig"; path = "Target Support Files/Pods-API_PSR-API_PSRTests/Pods-API_PSR-API_PSRTests.release.xcconfig"; sourceTree = "<group>"; };
		BD489FE53D7E44A43BB49439 /* Pods-API_PSR_ExamplesTests.release.xcconfig */ = {isa = PBXFileReference; includeInIndex = 1; lastKnownFileType = text.xcconfig; name = "Pods-API_PSR_ExamplesTests.release.xcconfig"; path = "Target Support Files/Pods-API_PSR_ExamplesTests/Pods-API_PSR_ExamplesTests.release.xcconfig"; sourceTree = "<group>"; };
		CD0AAA3625126D940064A262 /* API_PSR.framework */ = {isa = PBXFileReference; explicitFileType = wrapper.framework; includeInIndex = 0; path = API_PSR.framework; sourceTree = BUILT_PRODUCTS_DIR; };
		CD0AAA3925126D940064A262 /* API_PSR.h */ = {isa = PBXFileReference; lastKnownFileType = sourcecode.c.h; path = API_PSR.h; sourceTree = "<group>"; };
		CD0AAA3A25126D940064A262 /* Info.plist */ = {isa = PBXFileReference; lastKnownFileType = text.plist.xml; path = Info.plist; sourceTree = "<group>"; };
		CD0AAA3F25126D950064A262 /* API_PSRTests.xctest */ = {isa = PBXFileReference; explicitFileType = wrapper.cfbundle; includeInIndex = 0; path = API_PSRTests.xctest; sourceTree = BUILT_PRODUCTS_DIR; };
		CD0AAA4425126D950064A262 /* API_PSRTests.swift */ = {isa = PBXFileReference; lastKnownFileType = sourcecode.swift; path = API_PSRTests.swift; sourceTree = "<group>"; };
		CD0AAA4625126D950064A262 /* Info.plist */ = {isa = PBXFileReference; lastKnownFileType = text.plist.xml; path = Info.plist; sourceTree = "<group>"; };
		CD0AAABF251271280064A262 /* API_PSR_Examples.app */ = {isa = PBXFileReference; explicitFileType = wrapper.application; includeInIndex = 0; path = API_PSR_Examples.app; sourceTree = BUILT_PRODUCTS_DIR; };
		CD0AAAC1251271280064A262 /* AppDelegate.swift */ = {isa = PBXFileReference; lastKnownFileType = sourcecode.swift; path = AppDelegate.swift; sourceTree = "<group>"; };
		CD0AAAC3251271280064A262 /* SceneDelegate.swift */ = {isa = PBXFileReference; lastKnownFileType = sourcecode.swift; path = SceneDelegate.swift; sourceTree = "<group>"; };
		CD0AAAC5251271280064A262 /* ViewController.swift */ = {isa = PBXFileReference; lastKnownFileType = sourcecode.swift; path = ViewController.swift; sourceTree = "<group>"; };
		CD0AAAC8251271280064A262 /* Base */ = {isa = PBXFileReference; lastKnownFileType = file.storyboard; name = Base; path = Base.lproj/Main.storyboard; sourceTree = "<group>"; };
		CD0AAACA2512712A0064A262 /* Assets.xcassets */ = {isa = PBXFileReference; lastKnownFileType = folder.assetcatalog; path = Assets.xcassets; sourceTree = "<group>"; };
		CD0AAACD2512712A0064A262 /* Base */ = {isa = PBXFileReference; lastKnownFileType = file.storyboard; name = Base; path = Base.lproj/LaunchScreen.storyboard; sourceTree = "<group>"; };
		CD0AAACF2512712A0064A262 /* Info.plist */ = {isa = PBXFileReference; lastKnownFileType = text.plist.xml; path = Info.plist; sourceTree = "<group>"; };
		CD0AAAD42512712A0064A262 /* API_PSR_ExamplesTests.xctest */ = {isa = PBXFileReference; explicitFileType = wrapper.cfbundle; includeInIndex = 0; path = API_PSR_ExamplesTests.xctest; sourceTree = BUILT_PRODUCTS_DIR; };
		CD0AAADF2512712A0064A262 /* API_PSR_ExamplesUITests.xctest */ = {isa = PBXFileReference; explicitFileType = wrapper.cfbundle; includeInIndex = 0; path = API_PSR_ExamplesUITests.xctest; sourceTree = BUILT_PRODUCTS_DIR; };
		CD122B6A25136A3B00702B44 /* Colors.swift */ = {isa = PBXFileReference; lastKnownFileType = sourcecode.swift; path = Colors.swift; sourceTree = "<group>"; };
		CD122B6C25136A9100702B44 /* Colors.xcassets */ = {isa = PBXFileReference; lastKnownFileType = folder.assetcatalog; path = Colors.xcassets; sourceTree = "<group>"; };
		DA4D2EC88B0DD5653F0B91B6 /* Pods-API_PSR-API_PSRTests.debug.xcconfig */ = {isa = PBXFileReference; includeInIndex = 1; lastKnownFileType = text.xcconfig; name = "Pods-API_PSR-API_PSRTests.debug.xcconfig"; path = "Target Support Files/Pods-API_PSR-API_PSRTests/Pods-API_PSR-API_PSRTests.debug.xcconfig"; sourceTree = "<group>"; };
		E19E6D1B2D52C98433FC2CC7 /* Pods-API_PSR_ExamplesTests.debug.xcconfig */ = {isa = PBXFileReference; includeInIndex = 1; lastKnownFileType = text.xcconfig; name = "Pods-API_PSR_ExamplesTests.debug.xcconfig"; path = "Target Support Files/Pods-API_PSR_ExamplesTests/Pods-API_PSR_ExamplesTests.debug.xcconfig"; sourceTree = "<group>"; };
		E3566E7FA31C24682C0DAFFE /* Pods-API_PSR-API_PSR_ExamplesUITests.debug.xcconfig */ = {isa = PBXFileReference; includeInIndex = 1; lastKnownFileType = text.xcconfig; name = "Pods-API_PSR-API_PSR_ExamplesUITests.debug.xcconfig"; path = "Target Support Files/Pods-API_PSR-API_PSR_ExamplesUITests/Pods-API_PSR-API_PSR_ExamplesUITests.debug.xcconfig"; sourceTree = "<group>"; };
		F44462473782ED55670688D1 /* Pods-API_PSR-API_PSR_ExamplesUITests.release.xcconfig */ = {isa = PBXFileReference; includeInIndex = 1; lastKnownFileType = text.xcconfig; name = "Pods-API_PSR-API_PSR_ExamplesUITests.release.xcconfig"; path = "Target Support Files/Pods-API_PSR-API_PSR_ExamplesUITests/Pods-API_PSR-API_PSR_ExamplesUITests.release.xcconfig"; sourceTree = "<group>"; };
/* End PBXFileReference section */

/* Begin PBXFrameworksBuildPhase section */
		CD0AAA3325126D940064A262 /* Frameworks */ = {
			isa = PBXFrameworksBuildPhase;
			buildActionMask = 2147483647;
			files = (
				A9B210AD6E37860E481082CF /* Pods_API_PSR.framework in Frameworks */,
			);
			runOnlyForDeploymentPostprocessing = 0;
		};
		CD0AAA3C25126D950064A262 /* Frameworks */ = {
			isa = PBXFrameworksBuildPhase;
			buildActionMask = 2147483647;
			files = (
				CD0AAA4025126D950064A262 /* API_PSR.framework in Frameworks */,
				1FB5528E0608F4B86A3887EF /* Pods_API_PSR_API_PSRTests.framework in Frameworks */,
			);
			runOnlyForDeploymentPostprocessing = 0;
		};
		CD0AAABC251271280064A262 /* Frameworks */ = {
			isa = PBXFrameworksBuildPhase;
			buildActionMask = 2147483647;
			files = (
				18B5A029F7F43EC210FA4B59 /* Pods_API_PSR_Examples.framework in Frameworks */,
			);
			runOnlyForDeploymentPostprocessing = 0;
		};
		CD0AAAD12512712A0064A262 /* Frameworks */ = {
			isa = PBXFrameworksBuildPhase;
			buildActionMask = 2147483647;
			files = (
				8C2F6A3305A81FAB92D1ADCF /* Pods_API_PSR_API_PSR_ExamplesTests.framework in Frameworks */,
			);
			runOnlyForDeploymentPostprocessing = 0;
		};
		CD0AAADC2512712A0064A262 /* Frameworks */ = {
			isa = PBXFrameworksBuildPhase;
			buildActionMask = 2147483647;
			files = (
				5500C99C37FF7E6D6C8BCF36 /* Pods_API_PSR_API_PSR_ExamplesUITests.framework in Frameworks */,
			);
			runOnlyForDeploymentPostprocessing = 0;
		};
/* End PBXFrameworksBuildPhase section */

/* Begin PBXGroup section */
		013ECB92C12525F485F37649 /* Pods */ = {
			isa = PBXGroup;
			children = (
				87D1AC0883EAFCAE80ADEFCE /* Pods-API_PSR.debug.xcconfig */,
				9C9807118D93F8BBAB0F9F3F /* Pods-API_PSR.release.xcconfig */,
				DA4D2EC88B0DD5653F0B91B6 /* Pods-API_PSR-API_PSRTests.debug.xcconfig */,
				B45F80187A2538020E5208C9 /* Pods-API_PSR-API_PSRTests.release.xcconfig */,
				27680C1259EBDEB5CF1A9003 /* Pods-API_PSR_Examples.debug.xcconfig */,
				4F091EDA02DDAC79A13ACCBB /* Pods-API_PSR_Examples.release.xcconfig */,
				3F6A033E25EF34E63C517F23 /* Pods-API_PSR_Examples-API_PSR_ExamplesUITests.debug.xcconfig */,
				7B4C5256369BD9CF0636F8ED /* Pods-API_PSR_Examples-API_PSR_ExamplesUITests.release.xcconfig */,
				E19E6D1B2D52C98433FC2CC7 /* Pods-API_PSR_ExamplesTests.debug.xcconfig */,
				BD489FE53D7E44A43BB49439 /* Pods-API_PSR_ExamplesTests.release.xcconfig */,
				A15C942B8708ABD10DBCEF57 /* Pods-API_PSR-API_PSR_ExamplesTests.debug.xcconfig */,
				207842E9B3FA4DA01D2D3A8B /* Pods-API_PSR-API_PSR_ExamplesTests.release.xcconfig */,
				E3566E7FA31C24682C0DAFFE /* Pods-API_PSR-API_PSR_ExamplesUITests.debug.xcconfig */,
				F44462473782ED55670688D1 /* Pods-API_PSR-API_PSR_ExamplesUITests.release.xcconfig */,
			);
			path = Pods;
			sourceTree = "<group>";
		};
		218810A9A94BFC86E6D1B1B5 /* Frameworks */ = {
			isa = PBXGroup;
			children = (
				7987E10DA388B20E2AD9B97C /* Pods_API_PSR.framework */,
				694C400FD3A42CEC0E97E076 /* Pods_API_PSR_API_PSRTests.framework */,
				0C850E323ED7778C200C3B5E /* Pods_API_PSR_Examples.framework */,
				23AFF32928BDFDEAEBFDA805 /* Pods_API_PSR_API_PSR_ExamplesTests.framework */,
				373F2E50C08079E0F1528C42 /* Pods_API_PSR_API_PSR_ExamplesUITests.framework */,
			);
			name = Frameworks;
			sourceTree = "<group>";
		};
		CD0AAA2C25126D940064A262 = {
			isa = PBXGroup;
			children = (
				CD0AAA3825126D940064A262 /* API_PSR */,
				CD0AAA4325126D950064A262 /* API_PSRTests */,
				CD0AAAC0251271280064A262 /* API_PSR_Examples */,
				CD0AAA3725126D940064A262 /* Products */,
				013ECB92C12525F485F37649 /* Pods */,
				218810A9A94BFC86E6D1B1B5 /* Frameworks */,
			);
			sourceTree = "<group>";
		};
		CD0AAA3725126D940064A262 /* Products */ = {
			isa = PBXGroup;
			children = (
				CD0AAA3625126D940064A262 /* API_PSR.framework */,
				CD0AAA3F25126D950064A262 /* API_PSRTests.xctest */,
				CD0AAABF251271280064A262 /* API_PSR_Examples.app */,
				CD0AAAD42512712A0064A262 /* API_PSR_ExamplesTests.xctest */,
				CD0AAADF2512712A0064A262 /* API_PSR_ExamplesUITests.xctest */,
			);
			name = Products;
			sourceTree = "<group>";
		};
		CD0AAA3825126D940064A262 /* API_PSR */ = {
			isa = PBXGroup;
			children = (
				CDA8382E2512817A00D07989 /* Source */,
				CD0AAA3925126D940064A262 /* API_PSR.h */,
				CD0AAA3A25126D940064A262 /* Info.plist */,
			);
			path = API_PSR;
			sourceTree = "<group>";
		};
		CD0AAA4325126D950064A262 /* API_PSRTests */ = {
			isa = PBXGroup;
			children = (
				CD0AAA4425126D950064A262 /* API_PSRTests.swift */,
				CD0AAA4625126D950064A262 /* Info.plist */,
			);
			path = API_PSRTests;
			sourceTree = "<group>";
		};
		CD0AAAC0251271280064A262 /* API_PSR_Examples */ = {
			isa = PBXGroup;
			children = (
				CD0AAAC1251271280064A262 /* AppDelegate.swift */,
				CD0AAAC3251271280064A262 /* SceneDelegate.swift */,
				CD0AAAC5251271280064A262 /* ViewController.swift */,
				CD0AAAC7251271280064A262 /* Main.storyboard */,
				CD0AAACA2512712A0064A262 /* Assets.xcassets */,
				CD0AAACC2512712A0064A262 /* LaunchScreen.storyboard */,
				CD0AAACF2512712A0064A262 /* Info.plist */,
			);
			path = API_PSR_Examples;
			sourceTree = "<group>";
		};
		CDA8382E2512817A00D07989 /* Source */ = {
			isa = PBXGroup;
			children = (
				CDA8382F2512819500D07989 /* Files */,
				CDA838302512819500D07989 /* Tools */,
			);
			path = Source;
			sourceTree = "<group>";
		};
		CDA8382F2512819500D07989 /* Files */ = {
			isa = PBXGroup;
			children = (
				CD122B6C25136A9100702B44 /* Colors.xcassets */,
			);
			path = Files;
			sourceTree = "<group>";
		};
		CDA838302512819500D07989 /* Tools */ = {
			isa = PBXGroup;
			children = (
				CD122B6A25136A3B00702B44 /* Colors.swift */,
			);
			path = Tools;
			sourceTree = "<group>";
		};
/* End PBXGroup section */

/* Begin PBXHeadersBuildPhase section */
		CD0AAA3125126D940064A262 /* Headers */ = {
			isa = PBXHeadersBuildPhase;
			buildActionMask = 2147483647;
			files = (
				CD0AAA4725126D950064A262 /* API_PSR.h in Headers */,
			);
			runOnlyForDeploymentPostprocessing = 0;
		};
/* End PBXHeadersBuildPhase section */

/* Begin PBXNativeTarget section */
		CD0AAA3525126D940064A262 /* API_PSR */ = {
			isa = PBXNativeTarget;
			buildConfigurationList = CD0AAA4A25126D950064A262 /* Build configuration list for PBXNativeTarget "API_PSR" */;
			buildPhases = (
				1211E26E66C52FC79CC1F22B /* [CP] Check Pods Manifest.lock */,
				CD0AAA3125126D940064A262 /* Headers */,
				CD0AAA3225126D940064A262 /* Sources */,
				CD0AAA3325126D940064A262 /* Frameworks */,
				CD0AAA3425126D940064A262 /* Resources */,
			);
			buildRules = (
			);
			dependencies = (
			);
			name = API_PSR;
			productName = API_PSR;
			productReference = CD0AAA3625126D940064A262 /* API_PSR.framework */;
			productType = "com.apple.product-type.framework";
		};
		CD0AAA3E25126D950064A262 /* API_PSRTests */ = {
			isa = PBXNativeTarget;
			buildConfigurationList = CD0AAA4D25126D950064A262 /* Build configuration list for PBXNativeTarget "API_PSRTests" */;
			buildPhases = (
				93F1D02B141E016CAF4FFDD3 /* [CP] Check Pods Manifest.lock */,
				CD0AAA3B25126D950064A262 /* Sources */,
				CD0AAA3C25126D950064A262 /* Frameworks */,
				CD0AAA3D25126D950064A262 /* Resources */,
				F028A98E85F46663ADE88342 /* [CP] Embed Pods Frameworks */,
			);
			buildRules = (
			);
			dependencies = (
				CD0AAA4225126D950064A262 /* PBXTargetDependency */,
			);
			name = API_PSRTests;
			productName = API_PSRTests;
			productReference = CD0AAA3F25126D950064A262 /* API_PSRTests.xctest */;
			productType = "com.apple.product-type.bundle.unit-test";
		};
		CD0AAABE251271280064A262 /* API_PSR_Examples */ = {
			isa = PBXNativeTarget;
			buildConfigurationList = CD0AAAE62512712A0064A262 /* Build configuration list for PBXNativeTarget "API_PSR_Examples" */;
			buildPhases = (
				42536CCE215EF395C8A1FBF1 /* [CP] Check Pods Manifest.lock */,
				CD0AAABB251271280064A262 /* Sources */,
				CD0AAABC251271280064A262 /* Frameworks */,
				CD0AAABD251271280064A262 /* Resources */,
			);
			buildRules = (
			);
			dependencies = (
			);
			name = API_PSR_Examples;
			productName = API_PSR_Examples;
			productReference = CD0AAABF251271280064A262 /* API_PSR_Examples.app */;
			productType = "com.apple.product-type.application";
		};
		CD0AAAD32512712A0064A262 /* API_PSR_ExamplesTests */ = {
			isa = PBXNativeTarget;
			buildConfigurationList = CD0AAAE92512712A0064A262 /* Build configuration list for PBXNativeTarget "API_PSR_ExamplesTests" */;
			buildPhases = (
				C116F3CE02470D68CF5558E8 /* [CP] Check Pods Manifest.lock */,
				CD0AAAD02512712A0064A262 /* Sources */,
				CD0AAAD12512712A0064A262 /* Frameworks */,
				CD0AAAD22512712A0064A262 /* Resources */,
				E0BA5D1EABB440AE621C1E72 /* [CP] Embed Pods Frameworks */,
			);
			buildRules = (
			);
			dependencies = (
				CD0AAAD62512712A0064A262 /* PBXTargetDependency */,
			);
			name = API_PSR_ExamplesTests;
			productName = API_PSR_ExamplesTests;
			productReference = CD0AAAD42512712A0064A262 /* API_PSR_ExamplesTests.xctest */;
			productType = "com.apple.product-type.bundle.unit-test";
		};
		CD0AAADE2512712A0064A262 /* API_PSR_ExamplesUITests */ = {
			isa = PBXNativeTarget;
			buildConfigurationList = CD0AAAEC2512712A0064A262 /* Build configuration list for PBXNativeTarget "API_PSR_ExamplesUITests" */;
			buildPhases = (
				32370E7F14FBB160A4F8D549 /* [CP] Check Pods Manifest.lock */,
				CD0AAADB2512712A0064A262 /* Sources */,
				CD0AAADC2512712A0064A262 /* Frameworks */,
				CD0AAADD2512712A0064A262 /* Resources */,
				2E8648C82D1C9A4E6FDE754A /* [CP] Embed Pods Frameworks */,
			);
			buildRules = (
			);
			dependencies = (
				CD0AAAE12512712A0064A262 /* PBXTargetDependency */,
			);
			name = API_PSR_ExamplesUITests;
			productName = API_PSR_ExamplesUITests;
			productReference = CD0AAADF2512712A0064A262 /* API_PSR_ExamplesUITests.xctest */;
			productType = "com.apple.product-type.bundle.ui-testing";
		};
/* End PBXNativeTarget section */

/* Begin PBXProject section */
		CD0AAA2D25126D940064A262 /* Project object */ = {
			isa = PBXProject;
			attributes = {
				LastSwiftUpdateCheck = 1170;
				LastUpgradeCheck = 1170;
				ORGANIZATIONNAME = PayDunya;
				TargetAttributes = {
					CD0AAA3525126D940064A262 = {
						CreatedOnToolsVersion = 11.7;
						LastSwiftMigration = 1170;
					};
					CD0AAA3E25126D950064A262 = {
						CreatedOnToolsVersion = 11.7;
					};
					CD0AAABE251271280064A262 = {
						CreatedOnToolsVersion = 11.7;
					};
					CD0AAAD32512712A0064A262 = {
						CreatedOnToolsVersion = 11.7;
						TestTargetID = CD0AAABE251271280064A262;
					};
					CD0AAADE2512712A0064A262 = {
						CreatedOnToolsVersion = 11.7;
						TestTargetID = CD0AAABE251271280064A262;
					};
				};
			};
			buildConfigurationList = CD0AAA3025126D940064A262 /* Build configuration list for PBXProject "API_PSR" */;
			compatibilityVersion = "Xcode 9.3";
			developmentRegion = en;
			hasScannedForEncodings = 0;
			knownRegions = (
				en,
				Base,
			);
			mainGroup = CD0AAA2C25126D940064A262;
			productRefGroup = CD0AAA3725126D940064A262 /* Products */;
			projectDirPath = "";
			projectRoot = "";
			targets = (
				CD0AAA3525126D940064A262 /* API_PSR */,
				CD0AAA3E25126D950064A262 /* API_PSRTests */,
				CD0AAABE251271280064A262 /* API_PSR_Examples */,
				CD0AAAD32512712A0064A262 /* API_PSR_ExamplesTests */,
				CD0AAADE2512712A0064A262 /* API_PSR_ExamplesUITests */,
			);
		};
/* End PBXProject section */

/* Begin PBXResourcesBuildPhase section */
		CD0AAA3425126D940064A262 /* Resources */ = {
			isa = PBXResourcesBuildPhase;
			buildActionMask = 2147483647;
			files = (
				CD122B6D25136A9100702B44 /* Colors.xcassets in Resources */,
			);
			runOnlyForDeploymentPostprocessing = 0;
		};
		CD0AAA3D25126D950064A262 /* Resources */ = {
			isa = PBXResourcesBuildPhase;
			buildActionMask = 2147483647;
			files = (
			);
			runOnlyForDeploymentPostprocessing = 0;
		};
		CD0AAABD251271280064A262 /* Resources */ = {
			isa = PBXResourcesBuildPhase;
			buildActionMask = 2147483647;
			files = (
				CD0AAACE2512712A0064A262 /* LaunchScreen.storyboard in Resources */,
				CD0AAACB2512712A0064A262 /* Assets.xcassets in Resources */,
				CD0AAAC9251271280064A262 /* Main.storyboard in Resources */,
			);
			runOnlyForDeploymentPostprocessing = 0;
		};
		CD0AAAD22512712A0064A262 /* Resources */ = {
			isa = PBXResourcesBuildPhase;
			buildActionMask = 2147483647;
			files = (
			);
			runOnlyForDeploymentPostprocessing = 0;
		};
		CD0AAADD2512712A0064A262 /* Resources */ = {
			isa = PBXResourcesBuildPhase;
			buildActionMask = 2147483647;
			files = (
			);
			runOnlyForDeploymentPostprocessing = 0;
		};
/* End PBXResourcesBuildPhase section */

/* Begin PBXShellScriptBuildPhase section */
		1211E26E66C52FC79CC1F22B /* [CP] Check Pods Manifest.lock */ = {
			isa = PBXShellScriptBuildPhase;
			buildActionMask = 2147483647;
			files = (
			);
			inputFileListPaths = (
			);
			inputPaths = (
				"${PODS_PODFILE_DIR_PATH}/Podfile.lock",
				"${PODS_ROOT}/Manifest.lock",
			);
			name = "[CP] Check Pods Manifest.lock";
			outputFileListPaths = (
			);
			outputPaths = (
				"$(DERIVED_FILE_DIR)/Pods-API_PSR-checkManifestLockResult.txt",
			);
			runOnlyForDeploymentPostprocessing = 0;
			shellPath = /bin/sh;
			shellScript = "diff \"${PODS_PODFILE_DIR_PATH}/Podfile.lock\" \"${PODS_ROOT}/Manifest.lock\" > /dev/null\nif [ $? != 0 ] ; then\n    # print error to STDERR\n    echo \"error: The sandbox is not in sync with the Podfile.lock. Run 'pod install' or update your CocoaPods installation.\" >&2\n    exit 1\nfi\n# This output is used by Xcode 'outputs' to avoid re-running this script phase.\necho \"SUCCESS\" > \"${SCRIPT_OUTPUT_FILE_0}\"\n";
			showEnvVarsInLog = 0;
		};
		2E8648C82D1C9A4E6FDE754A /* [CP] Embed Pods Frameworks */ = {
			isa = PBXShellScriptBuildPhase;
			buildActionMask = 2147483647;
			files = (
			);
			inputFileListPaths = (
				"${PODS_ROOT}/Target Support Files/Pods-API_PSR-API_PSR_ExamplesUITests/Pods-API_PSR-API_PSR_ExamplesUITests-frameworks-${CONFIGURATION}-input-files.xcfilelist",
			);
			name = "[CP] Embed Pods Frameworks";
			outputFileListPaths = (
				"${PODS_ROOT}/Target Support Files/Pods-API_PSR-API_PSR_ExamplesUITests/Pods-API_PSR-API_PSR_ExamplesUITests-frameworks-${CONFIGURATION}-output-files.xcfilelist",
			);
			runOnlyForDeploymentPostprocessing = 0;
			shellPath = /bin/sh;
			shellScript = "\"${PODS_ROOT}/Target Support Files/Pods-API_PSR-API_PSR_ExamplesUITests/Pods-API_PSR-API_PSR_ExamplesUITests-frameworks.sh\"\n";
			showEnvVarsInLog = 0;
		};
		32370E7F14FBB160A4F8D549 /* [CP] Check Pods Manifest.lock */ = {
			isa = PBXShellScriptBuildPhase;
			buildActionMask = 2147483647;
			files = (
			);
			inputFileListPaths = (
			);
			inputPaths = (
				"${PODS_PODFILE_DIR_PATH}/Podfile.lock",
				"${PODS_ROOT}/Manifest.lock",
			);
			name = "[CP] Check Pods Manifest.lock";
			outputFileListPaths = (
			);
			outputPaths = (
				"$(DERIVED_FILE_DIR)/Pods-API_PSR-API_PSR_ExamplesUITests-checkManifestLockResult.txt",
			);
			runOnlyForDeploymentPostprocessing = 0;
			shellPath = /bin/sh;
			shellScript = "diff \"${PODS_PODFILE_DIR_PATH}/Podfile.lock\" \"${PODS_ROOT}/Manifest.lock\" > /dev/null\nif [ $? != 0 ] ; then\n    # print error to STDERR\n    echo \"error: The sandbox is not in sync with the Podfile.lock. Run 'pod install' or update your CocoaPods installation.\" >&2\n    exit 1\nfi\n# This output is used by Xcode 'outputs' to avoid re-running this script phase.\necho \"SUCCESS\" > \"${SCRIPT_OUTPUT_FILE_0}\"\n";
			showEnvVarsInLog = 0;
		};
		42536CCE215EF395C8A1FBF1 /* [CP] Check Pods Manifest.lock */ = {
			isa = PBXShellScriptBuildPhase;
			buildActionMask = 2147483647;
			files = (
			);
			inputFileListPaths = (
			);
			inputPaths = (
				"${PODS_PODFILE_DIR_PATH}/Podfile.lock",
				"${PODS_ROOT}/Manifest.lock",
			);
			name = "[CP] Check Pods Manifest.lock";
			outputFileListPaths = (
			);
			outputPaths = (
				"$(DERIVED_FILE_DIR)/Pods-API_PSR_Examples-checkManifestLockResult.txt",
			);
			runOnlyForDeploymentPostprocessing = 0;
			shellPath = /bin/sh;
			shellScript = "diff \"${PODS_PODFILE_DIR_PATH}/Podfile.lock\" \"${PODS_ROOT}/Manifest.lock\" > /dev/null\nif [ $? != 0 ] ; then\n    # print error to STDERR\n    echo \"error: The sandbox is not in sync with the Podfile.lock. Run 'pod install' or update your CocoaPods installation.\" >&2\n    exit 1\nfi\n# This output is used by Xcode 'outputs' to avoid re-running this script phase.\necho \"SUCCESS\" > \"${SCRIPT_OUTPUT_FILE_0}\"\n";
			showEnvVarsInLog = 0;
		};
		93F1D02B141E016CAF4FFDD3 /* [CP] Check Pods Manifest.lock */ = {
			isa = PBXShellScriptBuildPhase;
			buildActionMask = 2147483647;
			files = (
			);
			inputFileListPaths = (
			);
			inputPaths = (
				"${PODS_PODFILE_DIR_PATH}/Podfile.lock",
				"${PODS_ROOT}/Manifest.lock",
			);
			name = "[CP] Check Pods Manifest.lock";
			outputFileListPaths = (
			);
			outputPaths = (
				"$(DERIVED_FILE_DIR)/Pods-API_PSR-API_PSRTests-checkManifestLockResult.txt",
			);
			runOnlyForDeploymentPostprocessing = 0;
			shellPath = /bin/sh;
			shellScript = "diff \"${PODS_PODFILE_DIR_PATH}/Podfile.lock\" \"${PODS_ROOT}/Manifest.lock\" > /dev/null\nif [ $? != 0 ] ; then\n    # print error to STDERR\n    echo \"error: The sandbox is not in sync with the Podfile.lock. Run 'pod install' or update your CocoaPods installation.\" >&2\n    exit 1\nfi\n# This output is used by Xcode 'outputs' to avoid re-running this script phase.\necho \"SUCCESS\" > \"${SCRIPT_OUTPUT_FILE_0}\"\n";
			showEnvVarsInLog = 0;
		};
		C116F3CE02470D68CF5558E8 /* [CP] Check Pods Manifest.lock */ = {
			isa = PBXShellScriptBuildPhase;
			buildActionMask = 2147483647;
			files = (
			);
			inputFileListPaths = (
			);
			inputPaths = (
				"${PODS_PODFILE_DIR_PATH}/Podfile.lock",
				"${PODS_ROOT}/Manifest.lock",
			);
			name = "[CP] Check Pods Manifest.lock";
			outputFileListPaths = (
			);
			outputPaths = (
				"$(DERIVED_FILE_DIR)/Pods-API_PSR-API_PSR_ExamplesTests-checkManifestLockResult.txt",
			);
			runOnlyForDeploymentPostprocessing = 0;
			shellPath = /bin/sh;
			shellScript = "diff \"${PODS_PODFILE_DIR_PATH}/Podfile.lock\" \"${PODS_ROOT}/Manifest.lock\" > /dev/null\nif [ $? != 0 ] ; then\n    # print error to STDERR\n    echo \"error: The sandbox is not in sync with the Podfile.lock. Run 'pod install' or update your CocoaPods installation.\" >&2\n    exit 1\nfi\n# This output is used by Xcode 'outputs' to avoid re-running this script phase.\necho \"SUCCESS\" > \"${SCRIPT_OUTPUT_FILE_0}\"\n";
			showEnvVarsInLog = 0;
		};
		E0BA5D1EABB440AE621C1E72 /* [CP] Embed Pods Frameworks */ = {
			isa = PBXShellScriptBuildPhase;
			buildActionMask = 2147483647;
			files = (
			);
			inputFileListPaths = (
				"${PODS_ROOT}/Target Support Files/Pods-API_PSR-API_PSR_ExamplesTests/Pods-API_PSR-API_PSR_ExamplesTests-frameworks-${CONFIGURATION}-input-files.xcfilelist",
			);
			name = "[CP] Embed Pods Frameworks";
			outputFileListPaths = (
				"${PODS_ROOT}/Target Support Files/Pods-API_PSR-API_PSR_ExamplesTests/Pods-API_PSR-API_PSR_ExamplesTests-frameworks-${CONFIGURATION}-output-files.xcfilelist",
			);
			runOnlyForDeploymentPostprocessing = 0;
			shellPath = /bin/sh;
			shellScript = "\"${PODS_ROOT}/Target Support Files/Pods-API_PSR-API_PSR_ExamplesTests/Pods-API_PSR-API_PSR_ExamplesTests-frameworks.sh\"\n";
			showEnvVarsInLog = 0;
		};
		F028A98E85F46663ADE88342 /* [CP] Embed Pods Frameworks */ = {
			isa = PBXShellScriptBuildPhase;
			buildActionMask = 2147483647;
			files = (
			);
			inputFileListPaths = (
				"${PODS_ROOT}/Target Support Files/Pods-API_PSR-API_PSRTests/Pods-API_PSR-API_PSRTests-frameworks-${CONFIGURATION}-input-files.xcfilelist",
			);
			name = "[CP] Embed Pods Frameworks";
			outputFileListPaths = (
				"${PODS_ROOT}/Target Support Files/Pods-API_PSR-API_PSRTests/Pods-API_PSR-API_PSRTests-frameworks-${CONFIGURATION}-output-files.xcfilelist",
			);
			runOnlyForDeploymentPostprocessing = 0;
			shellPath = /bin/sh;
			shellScript = "\"${PODS_ROOT}/Target Support Files/Pods-API_PSR-API_PSRTests/Pods-API_PSR-API_PSRTests-frameworks.sh\"\n";
			showEnvVarsInLog = 0;
		};
/* End PBXShellScriptBuildPhase section */

/* Begin PBXSourcesBuildPhase section */
		CD0AAA3225126D940064A262 /* Sources */ = {
			isa = PBXSourcesBuildPhase;
			buildActionMask = 2147483647;
			files = (
				CD122B6B25136A3B00702B44 /* Colors.swift in Sources */,
			);
			runOnlyForDeploymentPostprocessing = 0;
		};
		CD0AAA3B25126D950064A262 /* Sources */ = {
			isa = PBXSourcesBuildPhase;
			buildActionMask = 2147483647;
			files = (
				CD0AAA4525126D950064A262 /* API_PSRTests.swift in Sources */,
			);
			runOnlyForDeploymentPostprocessing = 0;
		};
		CD0AAABB251271280064A262 /* Sources */ = {
			isa = PBXSourcesBuildPhase;
			buildActionMask = 2147483647;
			files = (
				CD0AAAC6251271280064A262 /* ViewController.swift in Sources */,
				CD0AAAC2251271280064A262 /* AppDelegate.swift in Sources */,
				CD0AAAC4251271280064A262 /* SceneDelegate.swift in Sources */,
			);
			runOnlyForDeploymentPostprocessing = 0;
		};
		CD0AAAD02512712A0064A262 /* Sources */ = {
			isa = PBXSourcesBuildPhase;
			buildActionMask = 2147483647;
			files = (
			);
			runOnlyForDeploymentPostprocessing = 0;
		};
		CD0AAADB2512712A0064A262 /* Sources */ = {
			isa = PBXSourcesBuildPhase;
			buildActionMask = 2147483647;
			files = (
			);
			runOnlyForDeploymentPostprocessing = 0;
		};
/* End PBXSourcesBuildPhase section */

/* Begin PBXTargetDependency section */
		CD0AAA4225126D950064A262 /* PBXTargetDependency */ = {
			isa = PBXTargetDependency;
			target = CD0AAA3525126D940064A262 /* API_PSR */;
			targetProxy = CD0AAA4125126D950064A262 /* PBXContainerItemProxy */;
		};
		CD0AAAD62512712A0064A262 /* PBXTargetDependency */ = {
			isa = PBXTargetDependency;
			target = CD0AAABE251271280064A262 /* API_PSR_Examples */;
			targetProxy = CD0AAAD52512712A0064A262 /* PBXContainerItemProxy */;
		};
		CD0AAAE12512712A0064A262 /* PBXTargetDependency */ = {
			isa = PBXTargetDependency;
			target = CD0AAABE251271280064A262 /* API_PSR_Examples */;
			targetProxy = CD0AAAE02512712A0064A262 /* PBXContainerItemProxy */;
		};
/* End PBXTargetDependency section */

/* Begin PBXVariantGroup section */
		CD0AAAC7251271280064A262 /* Main.storyboard */ = {
			isa = PBXVariantGroup;
			children = (
				CD0AAAC8251271280064A262 /* Base */,
			);
			name = Main.storyboard;
			sourceTree = "<group>";
		};
		CD0AAACC2512712A0064A262 /* LaunchScreen.storyboard */ = {
			isa = PBXVariantGroup;
			children = (
				CD0AAACD2512712A0064A262 /* Base */,
			);
			name = LaunchScreen.storyboard;
			sourceTree = "<group>";
		};
/* End PBXVariantGroup section */

/* Begin XCBuildConfiguration section */
		CD0AAA4825126D950064A262 /* Debug */ = {
			isa = XCBuildConfiguration;
			buildSettings = {
				ALWAYS_SEARCH_USER_PATHS = NO;
				CLANG_ANALYZER_NONNULL = YES;
				CLANG_ANALYZER_NUMBER_OBJECT_CONVERSION = YES_AGGRESSIVE;
				CLANG_CXX_LANGUAGE_STANDARD = "gnu++14";
				CLANG_CXX_LIBRARY = "libc++";
				CLANG_ENABLE_MODULES = YES;
				CLANG_ENABLE_OBJC_ARC = YES;
				CLANG_ENABLE_OBJC_WEAK = YES;
				CLANG_WARN_BLOCK_CAPTURE_AUTORELEASING = YES;
				CLANG_WARN_BOOL_CONVERSION = YES;
				CLANG_WARN_COMMA = YES;
				CLANG_WARN_CONSTANT_CONVERSION = YES;
				CLANG_WARN_DEPRECATED_OBJC_IMPLEMENTATIONS = YES;
				CLANG_WARN_DIRECT_OBJC_ISA_USAGE = YES_ERROR;
				CLANG_WARN_DOCUMENTATION_COMMENTS = YES;
				CLANG_WARN_EMPTY_BODY = YES;
				CLANG_WARN_ENUM_CONVERSION = YES;
				CLANG_WARN_INFINITE_RECURSION = YES;
				CLANG_WARN_INT_CONVERSION = YES;
				CLANG_WARN_NON_LITERAL_NULL_CONVERSION = YES;
				CLANG_WARN_OBJC_IMPLICIT_RETAIN_SELF = YES;
				CLANG_WARN_OBJC_LITERAL_CONVERSION = YES;
				CLANG_WARN_OBJC_ROOT_CLASS = YES_ERROR;
				CLANG_WARN_RANGE_LOOP_ANALYSIS = YES;
				CLANG_WARN_STRICT_PROTOTYPES = YES;
				CLANG_WARN_SUSPICIOUS_MOVE = YES;
				CLANG_WARN_UNGUARDED_AVAILABILITY = YES_AGGRESSIVE;
				CLANG_WARN_UNREACHABLE_CODE = YES;
				CLANG_WARN__DUPLICATE_METHOD_MATCH = YES;
				COPY_PHASE_STRIP = NO;
				CURRENT_PROJECT_VERSION = 1;
				DEBUG_INFORMATION_FORMAT = dwarf;
				ENABLE_STRICT_OBJC_MSGSEND = YES;
				ENABLE_TESTABILITY = YES;
				GCC_C_LANGUAGE_STANDARD = gnu11;
				GCC_DYNAMIC_NO_PIC = NO;
				GCC_NO_COMMON_BLOCKS = YES;
				GCC_OPTIMIZATION_LEVEL = 0;
				GCC_PREPROCESSOR_DEFINITIONS = (
					"DEBUG=1",
					"$(inherited)",
				);
				GCC_WARN_64_TO_32_BIT_CONVERSION = YES;
				GCC_WARN_ABOUT_RETURN_TYPE = YES_ERROR;
				GCC_WARN_UNDECLARED_SELECTOR = YES;
				GCC_WARN_UNINITIALIZED_AUTOS = YES_AGGRESSIVE;
				GCC_WARN_UNUSED_FUNCTION = YES;
				GCC_WARN_UNUSED_VARIABLE = YES;
				IPHONEOS_DEPLOYMENT_TARGET = 13.7;
				MTL_ENABLE_DEBUG_INFO = INCLUDE_SOURCE;
				MTL_FAST_MATH = YES;
				ONLY_ACTIVE_ARCH = YES;
				SDKROOT = iphoneos;
				SWIFT_ACTIVE_COMPILATION_CONDITIONS = DEBUG;
				SWIFT_OPTIMIZATION_LEVEL = "-Onone";
				VERSIONING_SYSTEM = "apple-generic";
				VERSION_INFO_PREFIX = "";
			};
			name = Debug;
		};
		CD0AAA4925126D950064A262 /* Release */ = {
			isa = XCBuildConfiguration;
			buildSettings = {
				ALWAYS_SEARCH_USER_PATHS = NO;
				CLANG_ANALYZER_NONNULL = YES;
				CLANG_ANALYZER_NUMBER_OBJECT_CONVERSION = YES_AGGRESSIVE;
				CLANG_CXX_LANGUAGE_STANDARD = "gnu++14";
				CLANG_CXX_LIBRARY = "libc++";
				CLANG_ENABLE_MODULES = YES;
				CLANG_ENABLE_OBJC_ARC = YES;
				CLANG_ENABLE_OBJC_WEAK = YES;
				CLANG_WARN_BLOCK_CAPTURE_AUTORELEASING = YES;
				CLANG_WARN_BOOL_CONVERSION = YES;
				CLANG_WARN_COMMA = YES;
				CLANG_WARN_CONSTANT_CONVERSION = YES;
				CLANG_WARN_DEPRECATED_OBJC_IMPLEMENTATIONS = YES;
				CLANG_WARN_DIRECT_OBJC_ISA_USAGE = YES_ERROR;
				CLANG_WARN_DOCUMENTATION_COMMENTS = YES;
				CLANG_WARN_EMPTY_BODY = YES;
				CLANG_WARN_ENUM_CONVERSION = YES;
				CLANG_WARN_INFINITE_RECURSION = YES;
				CLANG_WARN_INT_CONVERSION = YES;
				CLANG_WARN_NON_LITERAL_NULL_CONVERSION = YES;
				CLANG_WARN_OBJC_IMPLICIT_RETAIN_SELF = YES;
				CLANG_WARN_OBJC_LITERAL_CONVERSION = YES;
				CLANG_WARN_OBJC_ROOT_CLASS = YES_ERROR;
				CLANG_WARN_RANGE_LOOP_ANALYSIS = YES;
				CLANG_WARN_STRICT_PROTOTYPES = YES;
				CLANG_WARN_SUSPICIOUS_MOVE = YES;
				CLANG_WARN_UNGUARDED_AVAILABILITY = YES_AGGRESSIVE;
				CLANG_WARN_UNREACHABLE_CODE = YES;
				CLANG_WARN__DUPLICATE_METHOD_MATCH = YES;
				COPY_PHASE_STRIP = NO;
				CURRENT_PROJECT_VERSION = 1;
				DEBUG_INFORMATION_FORMAT = "dwarf-with-dsym";
				ENABLE_NS_ASSERTIONS = NO;
				ENABLE_STRICT_OBJC_MSGSEND = YES;
				GCC_C_LANGUAGE_STANDARD = gnu11;
				GCC_NO_COMMON_BLOCKS = YES;
				GCC_WARN_64_TO_32_BIT_CONVERSION = YES;
				GCC_WARN_ABOUT_RETURN_TYPE = YES_ERROR;
				GCC_WARN_UNDECLARED_SELECTOR = YES;
				GCC_WARN_UNINITIALIZED_AUTOS = YES_AGGRESSIVE;
				GCC_WARN_UNUSED_FUNCTION = YES;
				GCC_WARN_UNUSED_VARIABLE = YES;
				IPHONEOS_DEPLOYMENT_TARGET = 13.7;
				MTL_ENABLE_DEBUG_INFO = NO;
				MTL_FAST_MATH = YES;
				SDKROOT = iphoneos;
				SWIFT_COMPILATION_MODE = wholemodule;
				SWIFT_OPTIMIZATION_LEVEL = "-O";
				VALIDATE_PRODUCT = YES;
				VERSIONING_SYSTEM = "apple-generic";
				VERSION_INFO_PREFIX = "";
			};
			name = Release;
		};
		CD0AAA4B25126D950064A262 /* Debug */ = {
			isa = XCBuildConfiguration;
			baseConfigurationReference = 87D1AC0883EAFCAE80ADEFCE /* Pods-API_PSR.debug.xcconfig */;
			buildSettings = {
				CLANG_ENABLE_MODULES = YES;
				CODE_SIGN_STYLE = Automatic;
				DEFINES_MODULE = YES;
				DEVELOPMENT_TEAM = 6SA5U5Q7BM;
				DYLIB_COMPATIBILITY_VERSION = 1;
				DYLIB_CURRENT_VERSION = 1;
				DYLIB_INSTALL_NAME_BASE = "@rpath";
				INFOPLIST_FILE = API_PSR/Info.plist;
				INSTALL_PATH = "$(LOCAL_LIBRARY_DIR)/Frameworks";
				LD_RUNPATH_SEARCH_PATHS = (
					"$(inherited)",
					"@executable_path/Frameworks",
					"@loader_path/Frameworks",
				);
				PRODUCT_BUNDLE_IDENTIFIER = "com.paydunya.API-PSR";
				PRODUCT_NAME = "$(TARGET_NAME:c99extidentifier)";
				SKIP_INSTALL = YES;
				SWIFT_OPTIMIZATION_LEVEL = "-Onone";
				SWIFT_VERSION = 5.0;
				TARGETED_DEVICE_FAMILY = "1,2";
			};
			name = Debug;
		};
		CD0AAA4C25126D950064A262 /* Release */ = {
			isa = XCBuildConfiguration;
			baseConfigurationReference = 9C9807118D93F8BBAB0F9F3F /* Pods-API_PSR.release.xcconfig */;
			buildSettings = {
				CLANG_ENABLE_MODULES = YES;
				CODE_SIGN_STYLE = Automatic;
				DEFINES_MODULE = YES;
				DEVELOPMENT_TEAM = 6SA5U5Q7BM;
				DYLIB_COMPATIBILITY_VERSION = 1;
				DYLIB_CURRENT_VERSION = 1;
				DYLIB_INSTALL_NAME_BASE = "@rpath";
				INFOPLIST_FILE = API_PSR/Info.plist;
				INSTALL_PATH = "$(LOCAL_LIBRARY_DIR)/Frameworks";
				LD_RUNPATH_SEARCH_PATHS = (
					"$(inherited)",
					"@executable_path/Frameworks",
					"@loader_path/Frameworks",
				);
				PRODUCT_BUNDLE_IDENTIFIER = "com.paydunya.API-PSR";
				PRODUCT_NAME = "$(TARGET_NAME:c99extidentifier)";
				SKIP_INSTALL = YES;
				SWIFT_VERSION = 5.0;
				TARGETED_DEVICE_FAMILY = "1,2";
			};
			name = Release;
		};
		CD0AAA4E25126D950064A262 /* Debug */ = {
			isa = XCBuildConfiguration;
			baseConfigurationReference = DA4D2EC88B0DD5653F0B91B6 /* Pods-API_PSR-API_PSRTests.debug.xcconfig */;
			buildSettings = {
				ALWAYS_EMBED_SWIFT_STANDARD_LIBRARIES = YES;
				CODE_SIGN_STYLE = Automatic;
				DEVELOPMENT_TEAM = 6SA5U5Q7BM;
				INFOPLIST_FILE = API_PSRTests/Info.plist;
				LD_RUNPATH_SEARCH_PATHS = (
					"$(inherited)",
					"@executable_path/Frameworks",
					"@loader_path/Frameworks",
				);
				PRODUCT_BUNDLE_IDENTIFIER = "com.paydunya.API-PSRTests";
				PRODUCT_NAME = "$(TARGET_NAME)";
				SWIFT_VERSION = 5.0;
				TARGETED_DEVICE_FAMILY = "1,2";
			};
			name = Debug;
		};
		CD0AAA4F25126D950064A262 /* Release */ = {
			isa = XCBuildConfiguration;
			baseConfigurationReference = B45F80187A2538020E5208C9 /* Pods-API_PSR-API_PSRTests.release.xcconfig */;
			buildSettings = {
				ALWAYS_EMBED_SWIFT_STANDARD_LIBRARIES = YES;
				CODE_SIGN_STYLE = Automatic;
				DEVELOPMENT_TEAM = 6SA5U5Q7BM;
				INFOPLIST_FILE = API_PSRTests/Info.plist;
				LD_RUNPATH_SEARCH_PATHS = (
					"$(inherited)",
					"@executable_path/Frameworks",
					"@loader_path/Frameworks",
				);
				PRODUCT_BUNDLE_IDENTIFIER = "com.paydunya.API-PSRTests";
				PRODUCT_NAME = "$(TARGET_NAME)";
				SWIFT_VERSION = 5.0;
				TARGETED_DEVICE_FAMILY = "1,2";
			};
			name = Release;
		};
		CD0AAAE72512712A0064A262 /* Debug */ = {
			isa = XCBuildConfiguration;
			baseConfigurationReference = 27680C1259EBDEB5CF1A9003 /* Pods-API_PSR_Examples.debug.xcconfig */;
			buildSettings = {
				ASSETCATALOG_COMPILER_APPICON_NAME = AppIcon;
				CODE_SIGN_STYLE = Automatic;
				DEVELOPMENT_TEAM = 6SA5U5Q7BM;
				INFOPLIST_FILE = API_PSR_Examples/Info.plist;
				LD_RUNPATH_SEARCH_PATHS = (
					"$(inherited)",
					"@executable_path/Frameworks",
				);
				PRODUCT_BUNDLE_IDENTIFIER = "com.paydunya.API-PSR-Examples";
				PRODUCT_NAME = "$(TARGET_NAME)";
				SWIFT_VERSION = 5.0;
				TARGETED_DEVICE_FAMILY = "1,2";
			};
			name = Debug;
		};
		CD0AAAE82512712A0064A262 /* Release */ = {
			isa = XCBuildConfiguration;
			baseConfigurationReference = 4F091EDA02DDAC79A13ACCBB /* Pods-API_PSR_Examples.release.xcconfig */;
			buildSettings = {
				ASSETCATALOG_COMPILER_APPICON_NAME = AppIcon;
				CODE_SIGN_STYLE = Automatic;
				DEVELOPMENT_TEAM = 6SA5U5Q7BM;
				INFOPLIST_FILE = API_PSR_Examples/Info.plist;
				LD_RUNPATH_SEARCH_PATHS = (
					"$(inherited)",
					"@executable_path/Frameworks",
				);
				PRODUCT_BUNDLE_IDENTIFIER = "com.paydunya.API-PSR-Examples";
				PRODUCT_NAME = "$(TARGET_NAME)";
				SWIFT_VERSION = 5.0;
				TARGETED_DEVICE_FAMILY = "1,2";
			};
			name = Release;
		};
		CD0AAAEA2512712A0064A262 /* Debug */ = {
			isa = XCBuildConfiguration;
			baseConfigurationReference = A15C942B8708ABD10DBCEF57 /* Pods-API_PSR-API_PSR_ExamplesTests.debug.xcconfig */;
			buildSettings = {
				ALWAYS_EMBED_SWIFT_STANDARD_LIBRARIES = YES;
				BUNDLE_LOADER = "$(TEST_HOST)";
				CODE_SIGN_STYLE = Automatic;
				DEVELOPMENT_TEAM = 6SA5U5Q7BM;
				INFOPLIST_FILE = API_PSR_ExamplesTests/Info.plist;
				IPHONEOS_DEPLOYMENT_TARGET = 13.7;
				LD_RUNPATH_SEARCH_PATHS = (
					"$(inherited)",
					"@executable_path/Frameworks",
					"@loader_path/Frameworks",
				);
				PRODUCT_BUNDLE_IDENTIFIER = "com.paydunya.API-PSR-ExamplesTests";
				PRODUCT_NAME = "$(TARGET_NAME)";
				SWIFT_VERSION = 5.0;
				TARGETED_DEVICE_FAMILY = "1,2";
				TEST_HOST = "$(BUILT_PRODUCTS_DIR)/API_PSR_Examples.app/API_PSR_Examples";
			};
			name = Debug;
		};
		CD0AAAEB2512712A0064A262 /* Release */ = {
			isa = XCBuildConfiguration;
			baseConfigurationReference = 207842E9B3FA4DA01D2D3A8B /* Pods-API_PSR-API_PSR_ExamplesTests.release.xcconfig */;
			buildSettings = {
				ALWAYS_EMBED_SWIFT_STANDARD_LIBRARIES = YES;
				BUNDLE_LOADER = "$(TEST_HOST)";
				CODE_SIGN_STYLE = Automatic;
				DEVELOPMENT_TEAM = 6SA5U5Q7BM;
				INFOPLIST_FILE = API_PSR_ExamplesTests/Info.plist;
				IPHONEOS_DEPLOYMENT_TARGET = 13.7;
				LD_RUNPATH_SEARCH_PATHS = (
					"$(inherited)",
					"@executable_path/Frameworks",
					"@loader_path/Frameworks",
				);
				PRODUCT_BUNDLE_IDENTIFIER = "com.paydunya.API-PSR-ExamplesTests";
				PRODUCT_NAME = "$(TARGET_NAME)";
				SWIFT_VERSION = 5.0;
				TARGETED_DEVICE_FAMILY = "1,2";
				TEST_HOST = "$(BUILT_PRODUCTS_DIR)/API_PSR_Examples.app/API_PSR_Examples";
			};
			name = Release;
		};
		CD0AAAED2512712A0064A262 /* Debug */ = {
			isa = XCBuildConfiguration;
			baseConfigurationReference = E3566E7FA31C24682C0DAFFE /* Pods-API_PSR-API_PSR_ExamplesUITests.debug.xcconfig */;
			buildSettings = {
				ALWAYS_EMBED_SWIFT_STANDARD_LIBRARIES = YES;
				CODE_SIGN_STYLE = Automatic;
				DEVELOPMENT_TEAM = 6SA5U5Q7BM;
				INFOPLIST_FILE = API_PSR_ExamplesUITests/Info.plist;
				LD_RUNPATH_SEARCH_PATHS = (
					"$(inherited)",
					"@executable_path/Frameworks",
					"@loader_path/Frameworks",
				);
				PRODUCT_BUNDLE_IDENTIFIER = "com.paydunya.API-PSR-ExamplesUITests";
				PRODUCT_NAME = "$(TARGET_NAME)";
				SWIFT_VERSION = 5.0;
				TARGETED_DEVICE_FAMILY = "1,2";
				TEST_TARGET_NAME = API_PSR_Examples;
			};
			name = Debug;
		};
		CD0AAAEE2512712A0064A262 /* Release */ = {
			isa = XCBuildConfiguration;
			baseConfigurationReference = F44462473782ED55670688D1 /* Pods-API_PSR-API_PSR_ExamplesUITests.release.xcconfig */;
			buildSettings = {
				ALWAYS_EMBED_SWIFT_STANDARD_LIBRARIES = YES;
				CODE_SIGN_STYLE = Automatic;
				DEVELOPMENT_TEAM = 6SA5U5Q7BM;
				INFOPLIST_FILE = API_PSR_ExamplesUITests/Info.plist;
				LD_RUNPATH_SEARCH_PATHS = (
					"$(inherited)",
					"@executable_path/Frameworks",
					"@loader_path/Frameworks",
				);
				PRODUCT_BUNDLE_IDENTIFIER = "com.paydunya.API-PSR-ExamplesUITests";
				PRODUCT_NAME = "$(TARGET_NAME)";
				SWIFT_VERSION = 5.0;
				TARGETED_DEVICE_FAMILY = "1,2";
				TEST_TARGET_NAME = API_PSR_Examples;
			};
			name = Release;
		};
/* End XCBuildConfiguration section */

/* Begin XCConfigurationList section */
		CD0AAA3025126D940064A262 /* Build configuration list for PBXProject "API_PSR" */ = {
			isa = XCConfigurationList;
			buildConfigurations = (
				CD0AAA4825126D950064A262 /* Debug */,
				CD0AAA4925126D950064A262 /* Release */,
			);
			defaultConfigurationIsVisible = 0;
			defaultConfigurationName = Release;
		};
		CD0AAA4A25126D950064A262 /* Build configuration list for PBXNativeTarget "API_PSR" */ = {
			isa = XCConfigurationList;
			buildConfigurations = (
				CD0AAA4B25126D950064A262 /* Debug */,
				CD0AAA4C25126D950064A262 /* Release */,
			);
			defaultConfigurationIsVisible = 0;
			defaultConfigurationName = Release;
		};
		CD0AAA4D25126D950064A262 /* Build configuration list for PBXNativeTarget "API_PSRTests" */ = {
			isa = XCConfigurationList;
			buildConfigurations = (
				CD0AAA4E25126D950064A262 /* Debug */,
				CD0AAA4F25126D950064A262 /* Release */,
			);
			defaultConfigurationIsVisible = 0;
			defaultConfigurationName = Release;
		};
		CD0AAAE62512712A0064A262 /* Build configuration list for PBXNativeTarget "API_PSR_Examples" */ = {
			isa = XCConfigurationList;
			buildConfigurations = (
				CD0AAAE72512712A0064A262 /* Debug */,
				CD0AAAE82512712A0064A262 /* Release */,
			);
			defaultConfigurationIsVisible = 0;
			defaultConfigurationName = Release;
		};
		CD0AAAE92512712A0064A262 /* Build configuration list for PBXNativeTarget "API_PSR_ExamplesTests" */ = {
			isa = XCConfigurationList;
			buildConfigurations = (
				CD0AAAEA2512712A0064A262 /* Debug */,
				CD0AAAEB2512712A0064A262 /* Release */,
			);
			defaultConfigurationIsVisible = 0;
			defaultConfigurationName = Release;
		};
		CD0AAAEC2512712A0064A262 /* Build configuration list for PBXNativeTarget "API_PSR_ExamplesUITests" */ = {
			isa = XCConfigurationList;
			buildConfigurations = (
				CD0AAAED2512712A0064A262 /* Debug */,
				CD0AAAEE2512712A0064A262 /* Release */,
			);
			defaultConfigurationIsVisible = 0;
			defaultConfigurationName = Release;
		};
/* End XCConfigurationList section */
	};
	rootObject = CD0AAA2D25126D940064A262 /* Project object */;
}
